
Microsoft Visual Studio Solution File, Format Version 11.00
# Visual Studio 2010
Project("{8BC9CEB8-8B4A-11D0-8D11-00A0C91BC942}") = "GummyShips2", "GummyShips2\GummyShips2.vcxproj", "{04C2A1D4-0EB9-473F-ACFE-E029876D0899}"
EndProject
Global
	GlobalSection(SolutionConfigurationPlatforms) = preSolution
		Debug|Win32 = Debug|Win32
		Release|Win32 = Release|Win32
	EndGlobalSection
	GlobalSection(ProjectConfigurationPlatforms) = postSolution
		{04C2A1D4-0EB9-473F-ACFE-E029876D0899}.Debug|Win32.ActiveCfg = Debug|Win32
		{04C2A1D4-0EB9-473F-ACFE-E029876D0899}.Debug|Win32.Build.0 = Debug|Win32
		{04C2A1D4-0EB9-473F-ACFE-E029876D0899}.Release|Win32.ActiveCfg = Release|Win32
		{04C2A1D4-0EB9-473F-ACFE-E029876D0899}.Release|Win32.Build.0 = Release|Win32
	EndGlobalSection
	GlobalSection(SolutionProperties) = preSolution
		HideSolutionNode = FALSE
	EndGlobalSection
EndGlobal
